{
  "name": "managed-build-npm-ci-lock-mismatch",
  "lockfileVersion": 3,
  "requires": true,
  "packages": {
    "": {
      "name": "managed-build-npm-ci-lock-mismatch",
      "devDependencies": {
        "@flue/cli": "1.0.0-beta.9"
      },
      "engines": {
        "node": ">=22.19"
      }
    }
  }
}
